
Microsoft Visual Studio Solution File, Format Version 12.00
# Visual Studio 15
VisualStudioVersion = 15.0.28307.136
MinimumVisualStudioVersion = 10.0.40219.1
Project("{FAE04EC0-301F-11D3-BF4B-00C04F79EFBC}") = "WindowsFormsApp", "WindowsFormsApp.csproj", "{3BF5355B-1B67-4409-B317-459717BD51CA}"
EndProject
Global
	GlobalSection(SolutionConfigurationPlatforms) = preSolution
		Debug|Any CPU = Debug|Any CPU
		Release|Any CPU = Release|Any CPU
	EndGlobalSection
	GlobalSection(ProjectConfigurationPlatforms) = postSolution
		{3BF5355B-1B67-4409-B317-459717BD51CA}.Debug|Any CPU.ActiveCfg = Debug|Any CPU
		{3BF5355B-1B67-4409-B317-459717BD51CA}.Debug|Any CPU.Build.0 = Debug|Any CPU
		{3BF5355B-1B67-4409-B317-459717BD51CA}.Release|Any CPU.ActiveCfg = Release|Any CPU
		{3BF5355B-1B67-4409-B317-459717BD51CA}.Release|Any CPU.Build.0 = Release|Any CPU
	EndGlobalSection
	GlobalSection(SolutionProperties) = preSolution
		HideSolutionNode = FALSE
	EndGlobalSection
	GlobalSection(ExtensibilityGlobals) = postSolution
		SolutionGuid = {2FAB21BD-87A9-4D95-B597-E1E066A33A65}
	EndGlobalSection
EndGlobal
